
Microsoft Visual Studio Solution File, Format Version 12.00
# Visual Studio Version 17
VisualStudioVersion = 17.7.34031.279
MinimumVisualStudioVersion = 10.0.40219.1
Project("{F184B08F-C81C-45F6-A57F-5ABD9991F28F}") = "4.working with control.2", "4.working with control.2\4.working with control.2.vbproj", "{B6F584A8-61D2-47E9-857D-6CB003C2A637}"
EndProject
Global
	GlobalSection(SolutionConfigurationPlatforms) = preSolution
		Debug|Any CPU = Debug|Any CPU
		Release|Any CPU = Release|Any CPU
	EndGlobalSection
	GlobalSection(ProjectConfigurationPlatforms) = postSolution
		{B6F584A8-61D2-47E9-857D-6CB003C2A637}.Debug|Any CPU.ActiveCfg = Debug|Any CPU
		{B6F584A8-61D2-47E9-857D-6CB003C2A637}.Debug|Any CPU.Build.0 = Debug|Any CPU
		{B6F584A8-61D2-47E9-857D-6CB003C2A637}.Release|Any CPU.ActiveCfg = Release|Any CPU
		{B6F584A8-61D2-47E9-857D-6CB003C2A637}.Release|Any CPU.Build.0 = Release|Any CPU
	EndGlobalSection
	GlobalSection(SolutionProperties) = preSolution
		HideSolutionNode = FALSE
	EndGlobalSection
	GlobalSection(ExtensibilityGlobals) = postSolution
		SolutionGuid = {10C7FAE7-D06A-407E-8639-31098846FDB4}
	EndGlobalSection
EndGlobal
